// !$*UTF8*$!
{
	archiveVersion = 1;
	classes = {
	};
	objectVersion = 56;
	objects = {

/* Begin PBXBuildFile section */
		6014AA752CB629DB00D55254 /* AppDelegate.swift in Sources */ = {isa = PBXBuildFile; fileRef = 6014AA742CB629DB00D55254 /* AppDelegate.swift */; };
		6014AA772CB629DB00D55254 /* SceneDelegate.swift in Sources */ = {isa = PBXBuildFile; fileRef = 6014AA762CB629DB00D55254 /* SceneDelegate.swift */; };
		6014AA7E2CB629DD00D55254 /* Assets.xcassets in Resources */ = {isa = PBXBuildFile; fileRef = 6014AA7D2CB629DD00D55254 /* Assets.xcassets */; };
		6014AA812CB629DD00D55254 /* Base in Resources */ = {isa = PBXBuildFile; fileRef = 6014AA802CB629DD00D55254 /* Base */; };
		6014AA8C2CB629DE00D55254 /* walmart_e2Tests.swift in Sources */ = {isa = PBXBuildFile; fileRef = 6014AA8B2CB629DE00D55254 /* walmart_e2Tests.swift */; };
		6014AA962CB629DE00D55254 /* walmart_e2UITests.swift in Sources */ = {isa = PBXBuildFile; fileRef = 6014AA952CB629DE00D55254 /* walmart_e2UITests.swift */; };
		6014AA982CB629DE00D55254 /* walmart_e2UITestsLaunchTests.swift in Sources */ = {isa = PBXBuildFile; fileRef = 6014AA972CB629DE00D55254 /* walmart_e2UITestsLaunchTests.swift */; };
		6014AAA92CB6308D00D55254 /* ProductListViewController.swift in Sources */ = {isa = PBXBuildFile; fileRef = 6014AAA82CB6308D00D55254 /* ProductListViewController.swift */; };
		6014AAAC2CB637D500D55254 /* ProductTableViewCell.swift in Sources */ = {isa = PBXBuildFile; fileRef = 6014AAAB2CB637D500D55254 /* ProductTableViewCell.swift */; };
		6014AAAE2CB6380500D55254 /* Product.swift in Sources */ = {isa = PBXBuildFile; fileRef = 6014AAAD2CB6380500D55254 /* Product.swift */; };
		6014AAB02CB63BE700D55254 /* ProductListProtocols.swift in Sources */ = {isa = PBXBuildFile; fileRef = 6014AAAF2CB63BE700D55254 /* ProductListProtocols.swift */; };
		6014AAB22CB63CC900D55254 /* ProductListViewController.xib in Resources */ = {isa = PBXBuildFile; fileRef = 6014AAB12CB63CC800D55254 /* ProductListViewController.xib */; };
		6014AAB42CB63D6900D55254 /* ProductListRouter.swift in Sources */ = {isa = PBXBuildFile; fileRef = 6014AAB32CB63D6900D55254 /* ProductListRouter.swift */; };
		6096DE4B2CB63EC9006BBE9A /* ProductListPresenter.swift in Sources */ = {isa = PBXBuildFile; fileRef = 6096DE4A2CB63EC9006BBE9A /* ProductListPresenter.swift */; };
		6096DE4D2CB63EDF006BBE9A /* ProductListInteractor.swift in Sources */ = {isa = PBXBuildFile; fileRef = 6096DE4C2CB63EDF006BBE9A /* ProductListInteractor.swift */; };
/* End PBXBuildFile section */

/* Begin PBXContainerItemProxy section */
		6014AA882CB629DE00D55254 /* PBXContainerItemProxy */ = {
			isa = PBXContainerItemProxy;
			containerPortal = 6014AA692CB629DB00D55254 /* Project object */;
			proxyType = 1;
			remoteGlobalIDString = 6014AA702CB629DB00D55254;
			remoteInfo = "walmart-e2";
		};
		6014AA922CB629DE00D55254 /* PBXContainerItemProxy */ = {
			isa = PBXContainerItemProxy;
			containerPortal = 6014AA692CB629DB00D55254 /* Project object */;
			proxyType = 1;
			remoteGlobalIDString = 6014AA702CB629DB00D55254;
			remoteInfo = "walmart-e2";
		};
/* End PBXContainerItemProxy section */

/* Begin PBXFileReference section */
		6014AA712CB629DB00D55254 /* walmart-e2.app */ = {isa = PBXFileReference; explicitFileType = wrapper.application; includeInIndex = 0; path = "walmart-e2.app"; sourceTree = BUILT_PRODUCTS_DIR; };
		6014AA742CB629DB00D55254 /* AppDelegate.swift */ = {isa = PBXFileReference; lastKnownFileType = sourcecode.swift; path = AppDelegate.swift; sourceTree = "<group>"; };
		6014AA762CB629DB00D55254 /* SceneDelegate.swift */ = {isa = PBXFileReference; lastKnownFileType = sourcecode.swift; path = SceneDelegate.swift; sourceTree = "<group>"; };
		6014AA7D2CB629DD00D55254 /* Assets.xcassets */ = {isa = PBXFileReference; lastKnownFileType = folder.assetcatalog; path = Assets.xcassets; sourceTree = "<group>"; };
		6014AA802CB629DD00D55254 /* Base */ = {isa = PBXFileReference; lastKnownFileType = file.storyboard; name = Base; path = Base.lproj/LaunchScreen.storyboard; sourceTree = "<group>"; };
		6014AA822CB629DD00D55254 /* Info.plist */ = {isa = PBXFileReference; lastKnownFileType = text.plist.xml; path = Info.plist; sourceTree = "<group>"; };
		6014AA872CB629DE00D55254 /* walmart-e2Tests.xctest */ = {isa = PBXFileReference; explicitFileType = wrapper.cfbundle; includeInIndex = 0; path = "walmart-e2Tests.xctest"; sourceTree = BUILT_PRODUCTS_DIR; };
		6014AA8B2CB629DE00D55254 /* walmart_e2Tests.swift */ = {isa = PBXFileReference; lastKnownFileType = sourcecode.swift; path = walmart_e2Tests.swift; sourceTree = "<group>"; };
		6014AA912CB629DE00D55254 /* walmart-e2UITests.xctest */ = {isa = PBXFileReference; explicitFileType = wrapper.cfbundle; includeInIndex = 0; path = "walmart-e2UITests.xctest"; sourceTree = BUILT_PRODUCTS_DIR; };
		6014AA952CB629DE00D55254 /* walmart_e2UITests.swift */ = {isa = PBXFileReference; lastKnownFileType = sourcecode.swift; path = walmart_e2UITests.swift; sourceTree = "<group>"; };
		6014AA972CB629DE00D55254 /* walmart_e2UITestsLaunchTests.swift */ = {isa = PBXFileReference; lastKnownFileType = sourcecode.swift; path = walmart_e2UITestsLaunchTests.swift; sourceTree = "<group>"; };
		6014AAA82CB6308D00D55254 /* ProductListViewController.swift */ = {isa = PBXFileReference; lastKnownFileType = sourcecode.swift; path = ProductListViewController.swift; sourceTree = "<group>"; };
		6014AAAB2CB637D500D55254 /* ProductTableViewCell.swift */ = {isa = PBXFileReference; lastKnownFileType = sourcecode.swift; path = ProductTableViewCell.swift; sourceTree = "<group>"; };
		6014AAAD2CB6380500D55254 /* Product.swift */ = {isa = PBXFileReference; lastKnownFileType = sourcecode.swift; path = Product.swift; sourceTree = "<group>"; };
		6014AAAF2CB63BE700D55254 /* ProductListProtocols.swift */ = {isa = PBXFileReference; lastKnownFileType = sourcecode.swift; path = ProductListProtocols.swift; sourceTree = "<group>"; };
		6014AAB12CB63CC800D55254 /* ProductListViewController.xib */ = {isa = PBXFileReference; lastKnownFileType = file.xib; path = ProductListViewController.xib; sourceTree = "<group>"; };
		6014AAB32CB63D6900D55254 /* ProductListRouter.swift */ = {isa = PBXFileReference; lastKnownFileType = sourcecode.swift; path = ProductListRouter.swift; sourceTree = "<group>"; };
		6096DE4A2CB63EC9006BBE9A /* ProductListPresenter.swift */ = {isa = PBXFileReference; lastKnownFileType = sourcecode.swift; path = ProductListPresenter.swift; sourceTree = "<group>"; };
		6096DE4C2CB63EDF006BBE9A /* ProductListInteractor.swift */ = {isa = PBXFileReference; lastKnownFileType = sourcecode.swift; path = ProductListInteractor.swift; sourceTree = "<group>"; };
/* End PBXFileReference section */

/* Begin PBXFrameworksBuildPhase section */
		6014AA6E2CB629DB00D55254 /* Frameworks */ = {
			isa = PBXFrameworksBuildPhase;
			buildActionMask = 2147483647;
			files = (
			);
			runOnlyForDeploymentPostprocessing = 0;
		};
		6014AA842CB629DE00D55254 /* Frameworks */ = {
			isa = PBXFrameworksBuildPhase;
			buildActionMask = 2147483647;
			files = (
			);
			runOnlyForDeploymentPostprocessing = 0;
		};
		6014AA8E2CB629DE00D55254 /* Frameworks */ = {
			isa = PBXFrameworksBuildPhase;
			buildActionMask = 2147483647;
			files = (
			);
			runOnlyForDeploymentPostprocessing = 0;
		};
/* End PBXFrameworksBuildPhase section */

/* Begin PBXGroup section */
		6014AA682CB629DB00D55254 = {
			isa = PBXGroup;
			children = (
				6014AA732CB629DB00D55254 /* walmart-e2 */,
				6014AA8A2CB629DE00D55254 /* walmart-e2Tests */,
				6014AA942CB629DE00D55254 /* walmart-e2UITests */,
				6014AA722CB629DB00D55254 /* Products */,
			);
			sourceTree = "<group>";
		};
		6014AA722CB629DB00D55254 /* Products */ = {
			isa = PBXGroup;
			children = (
				6014AA712CB629DB00D55254 /* walmart-e2.app */,
				6014AA872CB629DE00D55254 /* walmart-e2Tests.xctest */,
				6014AA912CB629DE00D55254 /* walmart-e2UITests.xctest */,
			);
			name = Products;
			sourceTree = "<group>";
		};
		6014AA732CB629DB00D55254 /* walmart-e2 */ = {
			isa = PBXGroup;
			children = (
				6014AAA72CB62FD000D55254 /* entities */,
				6014AAA42CB62EE500D55254 /* modules */,
				6014AA742CB629DB00D55254 /* AppDelegate.swift */,
				6014AA762CB629DB00D55254 /* SceneDelegate.swift */,
				6014AA7D2CB629DD00D55254 /* Assets.xcassets */,
				6014AA7F2CB629DD00D55254 /* LaunchScreen.storyboard */,
				6014AA822CB629DD00D55254 /* Info.plist */,
			);
			path = "walmart-e2";
			sourceTree = "<group>";
		};
		6014AA8A2CB629DE00D55254 /* walmart-e2Tests */ = {
			isa = PBXGroup;
			children = (
				6014AA8B2CB629DE00D55254 /* walmart_e2Tests.swift */,
			);
			path = "walmart-e2Tests";
			sourceTree = "<group>";
		};
		6014AA942CB629DE00D55254 /* walmart-e2UITests */ = {
			isa = PBXGroup;
			children = (
				6014AA952CB629DE00D55254 /* walmart_e2UITests.swift */,
				6014AA972CB629DE00D55254 /* walmart_e2UITestsLaunchTests.swift */,
			);
			path = "walmart-e2UITests";
			sourceTree = "<group>";
		};
		6014AAA42CB62EE500D55254 /* modules */ = {
			isa = PBXGroup;
			children = (
				6014AAA62CB62F0B00D55254 /* product_detail */,
				6014AAA52CB62EF200D55254 /* product_list */,
			);
			path = modules;
			sourceTree = "<group>";
		};
		6014AAA52CB62EF200D55254 /* product_list */ = {
			isa = PBXGroup;
			children = (
				6014AAAA2CB6367E00D55254 /* view */,
				6014AAAF2CB63BE700D55254 /* ProductListProtocols.swift */,
				6096DE4C2CB63EDF006BBE9A /* ProductListInteractor.swift */,
				6096DE4A2CB63EC9006BBE9A /* ProductListPresenter.swift */,
				6014AAB32CB63D6900D55254 /* ProductListRouter.swift */,
			);
			path = product_list;
			sourceTree = "<group>";
		};
		6014AAA62CB62F0B00D55254 /* product_detail */ = {
			isa = PBXGroup;
			children = (
			);
			path = product_detail;
			sourceTree = "<group>";
		};
		6014AAA72CB62FD000D55254 /* entities */ = {
			isa = PBXGroup;
			children = (
				6014AAAD2CB6380500D55254 /* Product.swift */,
			);
			path = entities;
			sourceTree = "<group>";
		};
		6014AAAA2CB6367E00D55254 /* view */ = {
			isa = PBXGroup;
			children = (
				6014AAB12CB63CC800D55254 /* ProductListViewController.xib */,
				6014AAA82CB6308D00D55254 /* ProductListViewController.swift */,
				6014AAAB2CB637D500D55254 /* ProductTableViewCell.swift */,
			);
			path = view;
			sourceTree = "<group>";
		};
/* End PBXGroup section */

/* Begin PBXNativeTarget section */
		6014AA702CB629DB00D55254 /* walmart-e2 */ = {
			isa = PBXNativeTarget;
			buildConfigurationList = 6014AA9B2CB629DE00D55254 /* Build configuration list for PBXNativeTarget "walmart-e2" */;
			buildPhases = (
				6014AA6D2CB629DB00D55254 /* Sources */,
				6014AA6E2CB629DB00D55254 /* Frameworks */,
				6014AA6F2CB629DB00D55254 /* Resources */,
			);
			buildRules = (
			);
			dependencies = (
			);
			name = "walmart-e2";
			productName = "walmart-e2";
			productReference = 6014AA712CB629DB00D55254 /* walmart-e2.app */;
			productType = "com.apple.product-type.application";
		};
		6014AA862CB629DE00D55254 /* walmart-e2Tests */ = {
			isa = PBXNativeTarget;
			buildConfigurationList = 6014AA9E2CB629DE00D55254 /* Build configuration list for PBXNativeTarget "walmart-e2Tests" */;
			buildPhases = (
				6014AA832CB629DE00D55254 /* Sources */,
				6014AA842CB629DE00D55254 /* Frameworks */,
				6014AA852CB629DE00D55254 /* Resources */,
			);
			buildRules = (
			);
			dependencies = (
				6014AA892CB629DE00D55254 /* PBXTargetDependency */,
			);
			name = "walmart-e2Tests";
			productName = "walmart-e2Tests";
			productReference = 6014AA872CB629DE00D55254 /* walmart-e2Tests.xctest */;
			productType = "com.apple.product-type.bundle.unit-test";
		};
		6014AA902CB629DE00D55254 /* walmart-e2UITests */ = {
			isa = PBXNativeTarget;
			buildConfigurationList = 6014AAA12CB629DE00D55254 /* Build configuration list for PBXNativeTarget "walmart-e2UITests" */;
			buildPhases = (
				6014AA8D2CB629DE00D55254 /* Sources */,
				6014AA8E2CB629DE00D55254 /* Frameworks */,
				6014AA8F2CB629DE00D55254 /* Resources */,
			);
			buildRules = (
			);
			dependencies = (
				6014AA932CB629DE00D55254 /* PBXTargetDependency */,
			);
			name = "walmart-e2UITests";
			productName = "walmart-e2UITests";
			productReference = 6014AA912CB629DE00D55254 /* walmart-e2UITests.xctest */;
			productType = "com.apple.product-type.bundle.ui-testing";
		};
/* End PBXNativeTarget section */

/* Begin PBXProject section */
		6014AA692CB629DB00D55254 /* Project object */ = {
			isa = PBXProject;
			attributes = {
				BuildIndependentTargetsInParallel = 1;
				LastSwiftUpdateCheck = 1540;
				LastUpgradeCheck = 1540;
				TargetAttributes = {
					6014AA702CB629DB00D55254 = {
						CreatedOnToolsVersion = 15.4;
					};
					6014AA862CB629DE00D55254 = {
						CreatedOnToolsVersion = 15.4;
						TestTargetID = 6014AA702CB629DB00D55254;
					};
					6014AA902CB629DE00D55254 = {
						CreatedOnToolsVersion = 15.4;
						TestTargetID = 6014AA702CB629DB00D55254;
					};
				};
			};
			buildConfigurationList = 6014AA6C2CB629DB00D55254 /* Build configuration list for PBXProject "walmart-e2" */;
			compatibilityVersion = "Xcode 14.0";
			developmentRegion = en;
			hasScannedForEncodings = 0;
			knownRegions = (
				en,
				Base,
			);
			mainGroup = 6014AA682CB629DB00D55254;
			productRefGroup = 6014AA722CB629DB00D55254 /* Products */;
			projectDirPath = "";
			projectRoot = "";
			targets = (
				6014AA702CB629DB00D55254 /* walmart-e2 */,
				6014AA862CB629DE00D55254 /* walmart-e2Tests */,
				6014AA902CB629DE00D55254 /* walmart-e2UITests */,
			);
		};
/* End PBXProject section */

/* Begin PBXResourcesBuildPhase section */
		6014AA6F2CB629DB00D55254 /* Resources */ = {
			isa = PBXResourcesBuildPhase;
			buildActionMask = 2147483647;
			files = (
				6014AA7E2CB629DD00D55254 /* Assets.xcassets in Resources */,
				6014AA812CB629DD00D55254 /* Base in Resources */,
				6014AAB22CB63CC900D55254 /* ProductListViewController.xib in Resources */,
			);
			runOnlyForDeploymentPostprocessing = 0;
		};
		6014AA852CB629DE00D55254 /* Resources */ = {
			isa = PBXResourcesBuildPhase;
			buildActionMask = 2147483647;
			files = (
			);
			runOnlyForDeploymentPostprocessing = 0;
		};
		6014AA8F2CB629DE00D55254 /* Resources */ = {
			isa = PBXResourcesBuildPhase;
			buildActionMask = 2147483647;
			files = (
			);
			runOnlyForDeploymentPostprocessing = 0;
		};
/* End PBXResourcesBuildPhase section */

/* Begin PBXSourcesBuildPhase section */
		6014AA6D2CB629DB00D55254 /* Sources */ = {
			isa = PBXSourcesBuildPhase;
			buildActionMask = 2147483647;
			files = (
				6014AA752CB629DB00D55254 /* AppDelegate.swift in Sources */,
				6014AAB42CB63D6900D55254 /* ProductListRouter.swift in Sources */,
				6096DE4B2CB63EC9006BBE9A /* ProductListPresenter.swift in Sources */,
				6014AAB02CB63BE700D55254 /* ProductListProtocols.swift in Sources */,
				6014AAAC2CB637D500D55254 /* ProductTableViewCell.swift in Sources */,
				6096DE4D2CB63EDF006BBE9A /* ProductListInteractor.swift in Sources */,
				6014AAAE2CB6380500D55254 /* Product.swift in Sources */,
				6014AAA92CB6308D00D55254 /* ProductListViewController.swift in Sources */,
				6014AA772CB629DB00D55254 /* SceneDelegate.swift in Sources */,
			);
			runOnlyForDeploymentPostprocessing = 0;
		};
		6014AA832CB629DE00D55254 /* Sources */ = {
			isa = PBXSourcesBuildPhase;
			buildActionMask = 2147483647;
			files = (
				6014AA8C2CB629DE00D55254 /* walmart_e2Tests.swift in Sources */,
			);
			runOnlyForDeploymentPostprocessing = 0;
		};
		6014AA8D2CB629DE00D55254 /* Sources */ = {
			isa = PBXSourcesBuildPhase;
			buildActionMask = 2147483647;
			files = (
				6014AA982CB629DE00D55254 /* walmart_e2UITestsLaunchTests.swift in Sources */,
				6014AA962CB629DE00D55254 /* walmart_e2UITests.swift in Sources */,
			);
			runOnlyForDeploymentPostprocessing = 0;
		};
/* End PBXSourcesBuildPhase section */

/* Begin PBXTargetDependency section */
		6014AA892CB629DE00D55254 /* PBXTargetDependency */ = {
			isa = PBXTargetDependency;
			target = 6014AA702CB629DB00D55254 /* walmart-e2 */;
			targetProxy = 6014AA882CB629DE00D55254 /* PBXContainerItemProxy */;
		};
		6014AA932CB629DE00D55254 /* PBXTargetDependency */ = {
			isa = PBXTargetDependency;
			target = 6014AA702CB629DB00D55254 /* walmart-e2 */;
			targetProxy = 6014AA922CB629DE00D55254 /* PBXContainerItemProxy */;
		};
/* End PBXTargetDependency section */

/* Begin PBXVariantGroup section */
		6014AA7F2CB629DD00D55254 /* LaunchScreen.storyboard */ = {
			isa = PBXVariantGroup;
			children = (
				6014AA802CB629DD00D55254 /* Base */,
			);
			name = LaunchScreen.storyboard;
			sourceTree = "<group>";
		};
/* End PBXVariantGroup section */

/* Begin XCBuildConfiguration section */
		6014AA992CB629DE00D55254 /* Debug */ = {
			isa = XCBuildConfiguration;
			buildSettings = {
				ALWAYS_SEARCH_USER_PATHS = NO;
				ASSETCATALOG_COMPILER_GENERATE_SWIFT_ASSET_SYMBOL_EXTENSIONS = YES;
				CLANG_ANALYZER_NONNULL = YES;
				CLANG_ANALYZER_NUMBER_OBJECT_CONVERSION = YES_AGGRESSIVE;
				CLANG_CXX_LANGUAGE_STANDARD = "gnu++20";
				CLANG_ENABLE_MODULES = YES;
				CLANG_ENABLE_OBJC_ARC = YES;
				CLANG_ENABLE_OBJC_WEAK = YES;
				CLANG_WARN_BLOCK_CAPTURE_AUTORELEASING = YES;
				CLANG_WARN_BOOL_CONVERSION = YES;
				CLANG_WARN_COMMA = YES;
				CLANG_WARN_CONSTANT_CONVERSION = YES;
				CLANG_WARN_DEPRECATED_OBJC_IMPLEMENTATIONS = YES;
				CLANG_WARN_DIRECT_OBJC_ISA_USAGE = YES_ERROR;
				CLANG_WARN_DOCUMENTATION_COMMENTS = YES;
				CLANG_WARN_EMPTY_BODY = YES;
				CLANG_WARN_ENUM_CONVERSION = YES;
				CLANG_WARN_INFINITE_RECURSION = YES;
				CLANG_WARN_INT_CONVERSION = YES;
				CLANG_WARN_NON_LITERAL_NULL_CONVERSION = YES;
				CLANG_WARN_OBJC_IMPLICIT_RETAIN_SELF = YES;
				CLANG_WARN_OBJC_LITERAL_CONVERSION = YES;
				CLANG_WARN_OBJC_ROOT_CLASS = YES_ERROR;
				CLANG_WARN_QUOTED_INCLUDE_IN_FRAMEWORK_HEADER = YES;
				CLANG_WARN_RANGE_LOOP_ANALYSIS = YES;
				CLANG_WARN_STRICT_PROTOTYPES = YES;
				CLANG_WARN_SUSPICIOUS_MOVE = YES;
				CLANG_WARN_UNGUARDED_AVAILABILITY = YES_AGGRESSIVE;
				CLANG_WARN_UNREACHABLE_CODE = YES;
				CLANG_WARN__DUPLICATE_METHOD_MATCH = YES;
				COPY_PHASE_STRIP = NO;
				DEBUG_INFORMATION_FORMAT = dwarf;
				ENABLE_STRICT_OBJC_MSGSEND = YES;
				ENABLE_TESTABILITY = YES;
				ENABLE_USER_SCRIPT_SANDBOXING = YES;
				GCC_C_LANGUAGE_STANDARD = gnu17;
				GCC_DYNAMIC_NO_PIC = NO;
				GCC_NO_COMMON_BLOCKS = YES;
				GCC_OPTIMIZATION_LEVEL = 0;
				GCC_PREPROCESSOR_DEFINITIONS = (
					"DEBUG=1",
					"$(inherited)",
				);
				GCC_WARN_64_TO_32_BIT_CONVERSION = YES;
				GCC_WARN_ABOUT_RETURN_TYPE = YES_ERROR;
				GCC_WARN_UNDECLARED_SELECTOR = YES;
				GCC_WARN_UNINITIALIZED_AUTOS = YES_AGGRESSIVE;
				GCC_WARN_UNUSED_FUNCTION = YES;
				GCC_WARN_UNUSED_VARIABLE = YES;
				IPHONEOS_DEPLOYMENT_TARGET = 17.5;
				LOCALIZATION_PREFERS_STRING_CATALOGS = YES;
				MTL_ENABLE_DEBUG_INFO = INCLUDE_SOURCE;
				MTL_FAST_MATH = YES;
				ONLY_ACTIVE_ARCH = YES;
				SDKROOT = iphoneos;
				SWIFT_ACTIVE_COMPILATION_CONDITIONS = "DEBUG $(inherited)";
				SWIFT_OPTIMIZATION_LEVEL = "-Onone";
			};
			name = Debug;
		};
		6014AA9A2CB629DE00D55254 /* Release */ = {
			isa = XCBuildConfiguration;
			buildSettings = {
				ALWAYS_SEARCH_USER_PATHS = NO;
				ASSETCATALOG_COMPILER_GENERATE_SWIFT_ASSET_SYMBOL_EXTENSIONS = YES;
				CLANG_ANALYZER_NONNULL = YES;
				CLANG_ANALYZER_NUMBER_OBJECT_CONVERSION = YES_AGGRESSIVE;
				CLANG_CXX_LANGUAGE_STANDARD = "gnu++20";
				CLANG_ENABLE_MODULES = YES;
				CLANG_ENABLE_OBJC_ARC = YES;
				CLANG_ENABLE_OBJC_WEAK = YES;
				CLANG_WARN_BLOCK_CAPTURE_AUTORELEASING = YES;
				CLANG_WARN_BOOL_CONVERSION = YES;
				CLANG_WARN_COMMA = YES;
				CLANG_WARN_CONSTANT_CONVERSION = YES;
				CLANG_WARN_DEPRECATED_OBJC_IMPLEMENTATIONS = YES;
				CLANG_WARN_DIRECT_OBJC_ISA_USAGE = YES_ERROR;
				CLANG_WARN_DOCUMENTATION_COMMENTS = YES;
				CLANG_WARN_EMPTY_BODY = YES;
				CLANG_WARN_ENUM_CONVERSION = YES;
				CLANG_WARN_INFINITE_RECURSION = YES;
				CLANG_WARN_INT_CONVERSION = YES;
				CLANG_WARN_NON_LITERAL_NULL_CONVERSION = YES;
				CLANG_WARN_OBJC_IMPLICIT_RETAIN_SELF = YES;
				CLANG_WARN_OBJC_LITERAL_CONVERSION = YES;
				CLANG_WARN_OBJC_ROOT_CLASS = YES_ERROR;
				CLANG_WARN_QUOTED_INCLUDE_IN_FRAMEWORK_HEADER = YES;
				CLANG_WARN_RANGE_LOOP_ANALYSIS = YES;
				CLANG_WARN_STRICT_PROTOTYPES = YES;
				CLANG_WARN_SUSPICIOUS_MOVE = YES;
				CLANG_WARN_UNGUARDED_AVAILABILITY = YES_AGGRESSIVE;
				CLANG_WARN_UNREACHABLE_CODE = YES;
				CLANG_WARN__DUPLICATE_METHOD_MATCH = YES;
				COPY_PHASE_STRIP = NO;
				DEBUG_INFORMATION_FORMAT = "dwarf-with-dsym";
				ENABLE_NS_ASSERTIONS = NO;
				ENABLE_STRICT_OBJC_MSGSEND = YES;
				ENABLE_USER_SCRIPT_SANDBOXING = YES;
				GCC_C_LANGUAGE_STANDARD = gnu17;
				GCC_NO_COMMON_BLOCKS = YES;
				GCC_WARN_64_TO_32_BIT_CONVERSION = YES;
				GCC_WARN_ABOUT_RETURN_TYPE = YES_ERROR;
				GCC_WARN_UNDECLARED_SELECTOR = YES;
				GCC_WARN_UNINITIALIZED_AUTOS = YES_AGGRESSIVE;
				GCC_WARN_UNUSED_FUNCTION = YES;
				GCC_WARN_UNUSED_VARIABLE = YES;
				IPHONEOS_DEPLOYMENT_TARGET = 17.5;
				LOCALIZATION_PREFERS_STRING_CATALOGS = YES;
				MTL_ENABLE_DEBUG_INFO = NO;
				MTL_FAST_MATH = YES;
				SDKROOT = iphoneos;
				SWIFT_COMPILATION_MODE = wholemodule;
				VALIDATE_PRODUCT = YES;
			};
			name = Release;
		};
		6014AA9C2CB629DE00D55254 /* Debug */ = {
			isa = XCBuildConfiguration;
			buildSettings = {
				ASSETCATALOG_COMPILER_APPICON_NAME = AppIcon;
				ASSETCATALOG_COMPILER_GLOBAL_ACCENT_COLOR_NAME = AccentColor;
				CODE_SIGN_STYLE = Automatic;
				CURRENT_PROJECT_VERSION = 1;
				GENERATE_INFOPLIST_FILE = YES;
				INFOPLIST_FILE = "walmart-e2/Info.plist";
				INFOPLIST_KEY_UIApplicationSupportsIndirectInputEvents = YES;
				INFOPLIST_KEY_UILaunchStoryboardName = LaunchScreen;
				INFOPLIST_KEY_UISupportedInterfaceOrientations_iPad = "UIInterfaceOrientationPortrait UIInterfaceOrientationPortraitUpsideDown UIInterfaceOrientationLandscapeLeft UIInterfaceOrientationLandscapeRight";
				INFOPLIST_KEY_UISupportedInterfaceOrientations_iPhone = "UIInterfaceOrientationPortrait UIInterfaceOrientationLandscapeLeft UIInterfaceOrientationLandscapeRight";
				LD_RUNPATH_SEARCH_PATHS = (
					"$(inherited)",
					"@executable_path/Frameworks",
				);
				MARKETING_VERSION = 1.0;
				PRODUCT_BUNDLE_IDENTIFIER = "com.irondev.walmart-e2";
				PRODUCT_NAME = "$(TARGET_NAME)";
				SUPPORTED_PLATFORMS = "iphoneos iphonesimulator";
				SUPPORTS_MACCATALYST = NO;
				SUPPORTS_MAC_DESIGNED_FOR_IPHONE_IPAD = NO;
				SUPPORTS_XR_DESIGNED_FOR_IPHONE_IPAD = NO;
				SWIFT_EMIT_LOC_STRINGS = YES;
				SWIFT_VERSION = 5.0;
				TARGETED_DEVICE_FAMILY = 1;
			};
			name = Debug;
		};
		6014AA9D2CB629DE00D55254 /* Release */ = {
			isa = XCBuildConfiguration;
			buildSettings = {
				ASSETCATALOG_COMPILER_APPICON_NAME = AppIcon;
				ASSETCATALOG_COMPILER_GLOBAL_ACCENT_COLOR_NAME = AccentColor;
				CODE_SIGN_STYLE = Automatic;
				CURRENT_PROJECT_VERSION = 1;
				GENERATE_INFOPLIST_FILE = YES;
				INFOPLIST_FILE = "walmart-e2/Info.plist";
				INFOPLIST_KEY_UIApplicationSupportsIndirectInputEvents = YES;
				INFOPLIST_KEY_UILaunchStoryboardName = LaunchScreen;
				INFOPLIST_KEY_UISupportedInterfaceOrientations_iPad = "UIInterfaceOrientationPortrait UIInterfaceOrientationPortraitUpsideDown UIInterfaceOrientationLandscapeLeft UIInterfaceOrientationLandscapeRight";
				INFOPLIST_KEY_UISupportedInterfaceOrientations_iPhone = "UIInterfaceOrientationPortrait UIInterfaceOrientationLandscapeLeft UIInterfaceOrientationLandscapeRight";
				LD_RUNPATH_SEARCH_PATHS = (
					"$(inherited)",
					"@executable_path/Frameworks",
				);
				MARKETING_VERSION = 1.0;
				PRODUCT_BUNDLE_IDENTIFIER = "com.irondev.walmart-e2";
				PRODUCT_NAME = "$(TARGET_NAME)";
				SUPPORTED_PLATFORMS = "iphoneos iphonesimulator";
				SUPPORTS_MACCATALYST = NO;
				SUPPORTS_MAC_DESIGNED_FOR_IPHONE_IPAD = NO;
				SUPPORTS_XR_DESIGNED_FOR_IPHONE_IPAD = NO;
				SWIFT_EMIT_LOC_STRINGS = YES;
				SWIFT_VERSION = 5.0;
				TARGETED_DEVICE_FAMILY = 1;
			};
			name = Release;
		};
		6014AA9F2CB629DE00D55254 /* Debug */ = {
			isa = XCBuildConfiguration;
			buildSettings = {
				ALWAYS_EMBED_SWIFT_STANDARD_LIBRARIES = YES;
				BUNDLE_LOADER = "$(TEST_HOST)";
				CODE_SIGN_STYLE = Automatic;
				CURRENT_PROJECT_VERSION = 1;
				GENERATE_INFOPLIST_FILE = YES;
				IPHONEOS_DEPLOYMENT_TARGET = 17.5;
				MARKETING_VERSION = 1.0;
				PRODUCT_BUNDLE_IDENTIFIER = "com.irondev.walmart-e2Tests";
				PRODUCT_NAME = "$(TARGET_NAME)";
				SWIFT_EMIT_LOC_STRINGS = NO;
				SWIFT_VERSION = 5.0;
				TARGETED_DEVICE_FAMILY = "1,2";
				TEST_HOST = "$(BUILT_PRODUCTS_DIR)/walmart-e2.app/$(BUNDLE_EXECUTABLE_FOLDER_PATH)/walmart-e2";
			};
			name = Debug;
		};
		6014AAA02CB629DE00D55254 /* Release */ = {
			isa = XCBuildConfiguration;
			buildSettings = {
				ALWAYS_EMBED_SWIFT_STANDARD_LIBRARIES = YES;
				BUNDLE_LOADER = "$(TEST_HOST)";
				CODE_SIGN_STYLE = Automatic;
				CURRENT_PROJECT_VERSION = 1;
				GENERATE_INFOPLIST_FILE = YES;
				IPHONEOS_DEPLOYMENT_TARGET = 17.5;
				MARKETING_VERSION = 1.0;
				PRODUCT_BUNDLE_IDENTIFIER = "com.irondev.walmart-e2Tests";
				PRODUCT_NAME = "$(TARGET_NAME)";
				SWIFT_EMIT_LOC_STRINGS = NO;
				SWIFT_VERSION = 5.0;
				TARGETED_DEVICE_FAMILY = "1,2";
				TEST_HOST = "$(BUILT_PRODUCTS_DIR)/walmart-e2.app/$(BUNDLE_EXECUTABLE_FOLDER_PATH)/walmart-e2";
			};
			name = Release;
		};
		6014AAA22CB629DE00D55254 /* Debug */ = {
			isa = XCBuildConfiguration;
			buildSettings = {
				ALWAYS_EMBED_SWIFT_STANDARD_LIBRARIES = YES;
				CODE_SIGN_STYLE = Automatic;
				CURRENT_PROJECT_VERSION = 1;
				GENERATE_INFOPLIST_FILE = YES;
				MARKETING_VERSION = 1.0;
				PRODUCT_BUNDLE_IDENTIFIER = "com.irondev.walmart-e2UITests";
				PRODUCT_NAME = "$(TARGET_NAME)";
				SWIFT_EMIT_LOC_STRINGS = NO;
				SWIFT_VERSION = 5.0;
				TARGETED_DEVICE_FAMILY = "1,2";
				TEST_TARGET_NAME = "walmart-e2";
			};
			name = Debug;
		};
		6014AAA32CB629DE00D55254 /* Release */ = {
			isa = XCBuildConfiguration;
			buildSettings = {
				ALWAYS_EMBED_SWIFT_STANDARD_LIBRARIES = YES;
				CODE_SIGN_STYLE = Automatic;
				CURRENT_PROJECT_VERSION = 1;
				GENERATE_INFOPLIST_FILE = YES;
				MARKETING_VERSION = 1.0;
				PRODUCT_BUNDLE_IDENTIFIER = "com.irondev.walmart-e2UITests";
				PRODUCT_NAME = "$(TARGET_NAME)";
				SWIFT_EMIT_LOC_STRINGS = NO;
				SWIFT_VERSION = 5.0;
				TARGETED_DEVICE_FAMILY = "1,2";
				TEST_TARGET_NAME = "walmart-e2";
			};
			name = Release;
		};
/* End XCBuildConfiguration section */

/* Begin XCConfigurationList section */
		6014AA6C2CB629DB00D55254 /* Build configuration list for PBXProject "walmart-e2" */ = {
			isa = XCConfigurationList;
			buildConfigurations = (
				6014AA992CB629DE00D55254 /* Debug */,
				6014AA9A2CB629DE00D55254 /* Release */,
			);
			defaultConfigurationIsVisible = 0;
			defaultConfigurationName = Release;
		};
		6014AA9B2CB629DE00D55254 /* Build configuration list for PBXNativeTarget "walmart-e2" */ = {
			isa = XCConfigurationList;
			buildConfigurations = (
				6014AA9C2CB629DE00D55254 /* Debug */,
				6014AA9D2CB629DE00D55254 /* Release */,
			);
			defaultConfigurationIsVisible = 0;
			defaultConfigurationName = Release;
		};
		6014AA9E2CB629DE00D55254 /* Build configuration list for PBXNativeTarget "walmart-e2Tests" */ = {
			isa = XCConfigurationList;
			buildConfigurations = (
				6014AA9F2CB629DE00D55254 /* Debug */,
				6014AAA02CB629DE00D55254 /* Release */,
			);
			defaultConfigurationIsVisible = 0;
			defaultConfigurationName = Release;
		};
		6014AAA12CB629DE00D55254 /* Build configuration list for PBXNativeTarget "walmart-e2UITests" */ = {
			isa = XCConfigurationList;
			buildConfigurations = (
				6014AAA22CB629DE00D55254 /* Debug */,
				6014AAA32CB629DE00D55254 /* Release */,
			);
			defaultConfigurationIsVisible = 0;
			defaultConfigurationName = Release;
		};
/* End XCConfigurationList section */
	};
	rootObject = 6014AA692CB629DB00D55254 /* Project object */;
}
